# This file is automatically @generated by Poetry 1.6.1 and should not be changed by hand.

[[package]]
name = "pkgconfig"
version = "1.5.5"
description = "Interface Python with pkg-config"
optional = false
python-versions = ">=3.3,<4.0"
files = [
    {file = "pkgconfig-1.5.5-py3-none-any.whl", hash = "sha256:d20023bbeb42ee6d428a0fac6e0904631f545985a10cdd71a20aa58bc47a4209"},
    {file = "pkgconfig-1.5.5.tar.gz", hash = "sha256:deb4163ef11f75b520d822d9505c1f462761b4309b1bb713d08689759ea8b899"},
]

[metadata]
lock-version = "2.0"
python-versions = "^3.6"
content-hash = "9e16464cec0b0f16d04f7df7e61ed83dc5f243034d15b1e52f8e1f5bce0ff478"
